{
  "lockfileVersion": 1,
  "configVersion": 1,
  "workspaces": {
    "": {
      "devDependencies": {
        "@iconify-json/carbon": "^1.2.18",
      },
    },
  },
  "packages": {
    "@iconify-json/carbon": ["@iconify-json/carbon@1.2.18", "", { "dependencies": { "@iconify/types": "*" } }, "sha512-Grb13E6r/RqTEV4Sqd/BQR2FUt57U2WLuticJ5H8JbTdHLop1LmdePu3EJJA3Xi8DcWRbD6OnC133hKfOwlgtg=="],

    "@iconify/types": ["@iconify/types@2.0.0", "", {}, "sha512-+wluvCrRhXrhyOmRDJ3q8mux9JkKy5SJ/v8ol2tu4FVjyYvtEzkc/3pK15ET6RKg4b4w4BmTk1+gsCUhf21Ykg=="],
  }
}
